
Microsoft Visual Studio Solution File, Format Version 12.00
# Visual Studio Version 16
VisualStudioVersion = 16.0.29905.134
MinimumVisualStudioVersion = 10.0.40219.1
Project("{FAE04EC0-301F-11D3-BF4B-00C04F79EFBC}") = "Gangwars", "Gangwars.csproj", "{C0F01C8A-A599-4DE3-9B8B-92E85AB88435}"
EndProject
Global
	GlobalSection(SolutionConfigurationPlatforms) = preSolution
		Debug|Any CPU = Debug|Any CPU
		Release|Any CPU = Release|Any CPU
	EndGlobalSection
	GlobalSection(ProjectConfigurationPlatforms) = postSolution
		{C0F01C8A-A599-4DE3-9B8B-92E85AB88435}.Debug|Any CPU.ActiveCfg = Debug|Any CPU
		{C0F01C8A-A599-4DE3-9B8B-92E85AB88435}.Debug|Any CPU.Build.0 = Debug|Any CPU
		{C0F01C8A-A599-4DE3-9B8B-92E85AB88435}.Release|Any CPU.ActiveCfg = Release|Any CPU
		{C0F01C8A-A599-4DE3-9B8B-92E85AB88435}.Release|Any CPU.Build.0 = Release|Any CPU
	EndGlobalSection
	GlobalSection(SolutionProperties) = preSolution
		HideSolutionNode = FALSE
	EndGlobalSection
	GlobalSection(ExtensibilityGlobals) = postSolution
		SolutionGuid = {C24BE060-CB7A-4022-89CE-A8682CD6A099}
	EndGlobalSection
EndGlobal
